
Microsoft Visual Studio Solution File, Format Version 12.00
# Visual Studio 2013
VisualStudioVersion = 12.0.21005.1
MinimumVisualStudioVersion = 10.0.40219.1
Project("{2150E333-8FDC-42A3-9474-1A3956D46DE8}") = "Testing", "Testing", "{1F13D926-52B1-435F-8174-ECA5FA3FDFE4}"
EndProject
Project("{2150E333-8FDC-42A3-9474-1A3956D46DE8}") = "Misc", "Misc", "{6BED93F9-D1C3-485E-A80D-D387AB419F0F}"
EndProject
Project("{2150E333-8FDC-42A3-9474-1A3956D46DE8}") = "Solution Items", "Solution Items", "{FDD05AD9-8D5B-48F5-B4C5-AA6B25E438B5}"
	ProjectSection(SolutionItems) = preProject
		DevFxSolution.vsmdi = DevFxSolution.vsmdi
		Local.testsettings = Local.testsettings
		TraceAndTestImpact.testsettings = TraceAndTestImpact.testsettings
	EndProjectSection
EndProject
Project("{2150E333-8FDC-42A3-9474-1A3956D46DE8}") = "WCF", "WCF", "{253BF7FB-5F9B-4BE5-B593-62531E526163}"
EndProject
Project("{2150E333-8FDC-42A3-9474-1A3956D46DE8}") = "Remoting", "Remoting", "{167DC15B-5A8A-4870-AF61-A5117B45E9B9}"
EndProject
Project("{FAE04EC0-301F-11D3-BF4B-00C04F79EFBC}") = "BaseFx", "BaseFx\BaseFx.csproj", "{CA9189D9-E448-4FAE-9F14-6DF1525DDA0E}"
EndProject
Project("{FAE04EC0-301F-11D3-BF4B-00C04F79EFBC}") = "DevFx", "DevFx\DevFx.csproj", "{0CE1A4D2-24C3-4EC5-9A4E-0074A9CA3423}"
EndProject
Project("{FAE04EC0-301F-11D3-BF4B-00C04F79EFBC}") = "Data", "Data\Data.csproj", "{7FD8F1DB-25C0-4693-9726-63D176D996AC}"
EndProject
Project("{FAE04EC0-301F-11D3-BF4B-00C04F79EFBC}") = "Extensions", "Extensions\Extensions.csproj", "{A7132375-4B08-451A-98D5-FFF140FCE8C3}"
EndProject
Project("{FAE04EC0-301F-11D3-BF4B-00C04F79EFBC}") = "ServiceRunner", "Misc\ServiceRunner\ServiceRunner.csproj", "{F4D49688-425C-4BA3-AFFC-DE9B15BE9CB3}"
EndProject
Project("{FAE04EC0-301F-11D3-BF4B-00C04F79EFBC}") = "ConsoleApplication1", "Testing\ConsoleApplication1\ConsoleApplication1.csproj", "{6A61B532-9640-48B6-94C6-A6D372D7EC20}"
EndProject
Project("{FAE04EC0-301F-11D3-BF4B-00C04F79EFBC}") = "ConsoleApplication2", "Testing\ConsoleApplication2\ConsoleApplication2.csproj", "{36CDC5DC-A1D0-416F-8BE4-EBE1E3B98E15}"
EndProject
Project("{FAE04EC0-301F-11D3-BF4B-00C04F79EFBC}") = "ClassLibrary1", "Testing\ClassLibrary1\ClassLibrary1.csproj", "{77E6A5EC-8FB4-41A8-9CB5-3FAD8E78B22E}"
EndProject
Project("{FAE04EC0-301F-11D3-BF4B-00C04F79EFBC}") = "MvcApplication1", "Testing\MvcApplication1\MvcApplication1.csproj", "{AE816849-EBF1-4911-ADB0-50C48B149FC5}"
EndProject
Project("{FAE04EC0-301F-11D3-BF4B-00C04F79EFBC}") = "ClassLibrary2", "Testing\ClassLibrary2\ClassLibrary2.csproj", "{7757AE6C-C3E0-4DA1-8693-0F58F29820AD}"
EndProject
Project("{FAE04EC0-301F-11D3-BF4B-00C04F79EFBC}") = "ConsoleApplication3", "Testing\ConsoleApplication3\ConsoleApplication3.csproj", "{CEB87651-EBE5-4036-BF10-D4781C1270C3}"
EndProject
Project("{FAE04EC0-301F-11D3-BF4B-00C04F79EFBC}") = "ConsoleApplication4", "Testing\ConsoleApplication4\ConsoleApplication4.csproj", "{D69FADBE-5F86-43A8-94BA-D63C02F2728D}"
EndProject
Project("{FAE04EC0-301F-11D3-BF4B-00C04F79EFBC}") = "TestProject1", "Testing\TestProject1\TestProject1.csproj", "{8AF393EB-3001-452D-BEBD-FAE3AA227BB1}"
EndProject
Project("{FAE04EC0-301F-11D3-BF4B-00C04F79EFBC}") = "WCFClient", "Testing\WCF\WCFClient\WCFClient.csproj", "{4C04C01B-3A43-4184-B2AD-14C9A56D6CD3}"
EndProject
Project("{FAE04EC0-301F-11D3-BF4B-00C04F79EFBC}") = "WCFServer", "Testing\WCF\WCFServer\WCFServer.csproj", "{8CD6C8F7-E833-4EFF-A307-B9DF07BCA1AD}"
EndProject
Project("{FAE04EC0-301F-11D3-BF4B-00C04F79EFBC}") = "RemotingServer", "Testing\Remoting\RemotingServer\RemotingServer.csproj", "{AC07F8A1-58E0-40AD-9321-B8482D6BE123}"
EndProject
Project("{FAE04EC0-301F-11D3-BF4B-00C04F79EFBC}") = "RemotingClient", "Testing\Remoting\RemotingClient\RemotingClient.csproj", "{DE9D2193-0834-4D5F-BA63-E7A3C8A21F01}"
EndProject
Global
	GlobalSection(SolutionConfigurationPlatforms) = preSolution
		Debug|Any CPU = Debug|Any CPU
		Debug|Mixed Platforms = Debug|Mixed Platforms
		Debug|x86 = Debug|x86
		PackageBaseFx|Any CPU = PackageBaseFx|Any CPU
		PackageBaseFx|Mixed Platforms = PackageBaseFx|Mixed Platforms
		PackageBaseFx|x86 = PackageBaseFx|x86
		PackageData|Any CPU = PackageData|Any CPU
		PackageData|Mixed Platforms = PackageData|Mixed Platforms
		PackageData|x86 = PackageData|x86
		PackageDevFx|Any CPU = PackageDevFx|Any CPU
		PackageDevFx|Mixed Platforms = PackageDevFx|Mixed Platforms
		PackageDevFx|x86 = PackageDevFx|x86
		PackageExtensions|Any CPU = PackageExtensions|Any CPU
		PackageExtensions|Mixed Platforms = PackageExtensions|Mixed Platforms
		PackageExtensions|x86 = PackageExtensions|x86
		Release|Any CPU = Release|Any CPU
		Release|Mixed Platforms = Release|Mixed Platforms
		Release|x86 = Release|x86
	EndGlobalSection
	GlobalSection(ProjectConfigurationPlatforms) = postSolution
		{CA9189D9-E448-4FAE-9F14-6DF1525DDA0E}.Debug|Any CPU.ActiveCfg = Debug|Any CPU
		{CA9189D9-E448-4FAE-9F14-6DF1525DDA0E}.Debug|Any CPU.Build.0 = Debug|Any CPU
		{CA9189D9-E448-4FAE-9F14-6DF1525DDA0E}.Debug|Mixed Platforms.ActiveCfg = Debug|Any CPU
		{CA9189D9-E448-4FAE-9F14-6DF1525DDA0E}.Debug|Mixed Platforms.Build.0 = Debug|Any CPU
		{CA9189D9-E448-4FAE-9F14-6DF1525DDA0E}.Debug|x86.ActiveCfg = Debug|Any CPU
		{CA9189D9-E448-4FAE-9F14-6DF1525DDA0E}.PackageBaseFx|Any CPU.ActiveCfg = Release|Any CPU
		{CA9189D9-E448-4FAE-9F14-6DF1525DDA0E}.PackageBaseFx|Any CPU.Build.0 = Release|Any CPU
		{CA9189D9-E448-4FAE-9F14-6DF1525DDA0E}.PackageBaseFx|Mixed Platforms.ActiveCfg = Release|Any CPU
		{CA9189D9-E448-4FAE-9F14-6DF1525DDA0E}.PackageBaseFx|Mixed Platforms.Build.0 = Release|Any CPU
		{CA9189D9-E448-4FAE-9F14-6DF1525DDA0E}.PackageBaseFx|x86.ActiveCfg = Release|Any CPU
		{CA9189D9-E448-4FAE-9F14-6DF1525DDA0E}.PackageData|Any CPU.ActiveCfg = Release|Any CPU
		{CA9189D9-E448-4FAE-9F14-6DF1525DDA0E}.PackageData|Mixed Platforms.ActiveCfg = Release|Any CPU
		{CA9189D9-E448-4FAE-9F14-6DF1525DDA0E}.PackageData|Mixed Platforms.Build.0 = Release|Any CPU
		{CA9189D9-E448-4FAE-9F14-6DF1525DDA0E}.PackageData|x86.ActiveCfg = Release|Any CPU
		{CA9189D9-E448-4FAE-9F14-6DF1525DDA0E}.PackageDevFx|Any CPU.ActiveCfg = Release|Any CPU
		{CA9189D9-E448-4FAE-9F14-6DF1525DDA0E}.PackageDevFx|Mixed Platforms.ActiveCfg = Release|Any CPU
		{CA9189D9-E448-4FAE-9F14-6DF1525DDA0E}.PackageDevFx|Mixed Platforms.Build.0 = Release|Any CPU
		{CA9189D9-E448-4FAE-9F14-6DF1525DDA0E}.PackageDevFx|x86.ActiveCfg = Release|Any CPU
		{CA9189D9-E448-4FAE-9F14-6DF1525DDA0E}.PackageExtensions|Any CPU.ActiveCfg = Release|Any CPU
		{CA9189D9-E448-4FAE-9F14-6DF1525DDA0E}.PackageExtensions|Mixed Platforms.ActiveCfg = Release|Any CPU
		{CA9189D9-E448-4FAE-9F14-6DF1525DDA0E}.PackageExtensions|Mixed Platforms.Build.0 = Release|Any CPU
		{CA9189D9-E448-4FAE-9F14-6DF1525DDA0E}.PackageExtensions|x86.ActiveCfg = Release|Any CPU
		{CA9189D9-E448-4FAE-9F14-6DF1525DDA0E}.Release|Any CPU.ActiveCfg = Release|Any CPU
		{CA9189D9-E448-4FAE-9F14-6DF1525DDA0E}.Release|Any CPU.Build.0 = Release|Any CPU
		{CA9189D9-E448-4FAE-9F14-6DF1525DDA0E}.Release|Mixed Platforms.ActiveCfg = Release|Any CPU
		{CA9189D9-E448-4FAE-9F14-6DF1525DDA0E}.Release|Mixed Platforms.Build.0 = Release|Any CPU
		{CA9189D9-E448-4FAE-9F14-6DF1525DDA0E}.Release|x86.ActiveCfg = Release|Any CPU
		{0CE1A4D2-24C3-4EC5-9A4E-0074A9CA3423}.Debug|Any CPU.ActiveCfg = Debug|Any CPU
		{0CE1A4D2-24C3-4EC5-9A4E-0074A9CA3423}.Debug|Any CPU.Build.0 = Debug|Any CPU
		{0CE1A4D2-24C3-4EC5-9A4E-0074A9CA3423}.Debug|Mixed Platforms.ActiveCfg = Debug|Any CPU
		{0CE1A4D2-24C3-4EC5-9A4E-0074A9CA3423}.Debug|Mixed Platforms.Build.0 = Debug|Any CPU
		{0CE1A4D2-24C3-4EC5-9A4E-0074A9CA3423}.Debug|x86.ActiveCfg = Debug|Any CPU
		{0CE1A4D2-24C3-4EC5-9A4E-0074A9CA3423}.PackageBaseFx|Any CPU.ActiveCfg = Release|Any CPU
		{0CE1A4D2-24C3-4EC5-9A4E-0074A9CA3423}.PackageBaseFx|Mixed Platforms.ActiveCfg = Release|Any CPU
		{0CE1A4D2-24C3-4EC5-9A4E-0074A9CA3423}.PackageBaseFx|Mixed Platforms.Build.0 = Release|Any CPU
		{0CE1A4D2-24C3-4EC5-9A4E-0074A9CA3423}.PackageBaseFx|x86.ActiveCfg = Release|Any CPU
		{0CE1A4D2-24C3-4EC5-9A4E-0074A9CA3423}.PackageData|Any CPU.ActiveCfg = Release|Any CPU
		{0CE1A4D2-24C3-4EC5-9A4E-0074A9CA3423}.PackageData|Mixed Platforms.ActiveCfg = Release|Any CPU
		{0CE1A4D2-24C3-4EC5-9A4E-0074A9CA3423}.PackageData|Mixed Platforms.Build.0 = Release|Any CPU
		{0CE1A4D2-24C3-4EC5-9A4E-0074A9CA3423}.PackageData|x86.ActiveCfg = Release|Any CPU
		{0CE1A4D2-24C3-4EC5-9A4E-0074A9CA3423}.PackageDevFx|Any CPU.ActiveCfg = Release|Any CPU
		{0CE1A4D2-24C3-4EC5-9A4E-0074A9CA3423}.PackageDevFx|Any CPU.Build.0 = Release|Any CPU
		{0CE1A4D2-24C3-4EC5-9A4E-0074A9CA3423}.PackageDevFx|Mixed Platforms.ActiveCfg = Release|Any CPU
		{0CE1A4D2-24C3-4EC5-9A4E-0074A9CA3423}.PackageDevFx|Mixed Platforms.Build.0 = Release|Any CPU
		{0CE1A4D2-24C3-4EC5-9A4E-0074A9CA3423}.PackageDevFx|x86.ActiveCfg = Release|Any CPU
		{0CE1A4D2-24C3-4EC5-9A4E-0074A9CA3423}.PackageExtensions|Any CPU.ActiveCfg = Release|Any CPU
		{0CE1A4D2-24C3-4EC5-9A4E-0074A9CA3423}.PackageExtensions|Mixed Platforms.ActiveCfg = Release|Any CPU
		{0CE1A4D2-24C3-4EC5-9A4E-0074A9CA3423}.PackageExtensions|Mixed Platforms.Build.0 = Release|Any CPU
		{0CE1A4D2-24C3-4EC5-9A4E-0074A9CA3423}.PackageExtensions|x86.ActiveCfg = Release|Any CPU
		{0CE1A4D2-24C3-4EC5-9A4E-0074A9CA3423}.Release|Any CPU.ActiveCfg = Release|Any CPU
		{0CE1A4D2-24C3-4EC5-9A4E-0074A9CA3423}.Release|Any CPU.Build.0 = Release|Any CPU
		{0CE1A4D2-24C3-4EC5-9A4E-0074A9CA3423}.Release|Mixed Platforms.ActiveCfg = Release|Any CPU
		{0CE1A4D2-24C3-4EC5-9A4E-0074A9CA3423}.Release|Mixed Platforms.Build.0 = Release|Any CPU
		{0CE1A4D2-24C3-4EC5-9A4E-0074A9CA3423}.Release|x86.ActiveCfg = Release|Any CPU
		{7FD8F1DB-25C0-4693-9726-63D176D996AC}.Debug|Any CPU.ActiveCfg = Debug|Any CPU
		{7FD8F1DB-25C0-4693-9726-63D176D996AC}.Debug|Any CPU.Build.0 = Debug|Any CPU
		{7FD8F1DB-25C0-4693-9726-63D176D996AC}.Debug|Mixed Platforms.ActiveCfg = Debug|Any CPU
		{7FD8F1DB-25C0-4693-9726-63D176D996AC}.Debug|Mixed Platforms.Build.0 = Debug|Any CPU
		{7FD8F1DB-25C0-4693-9726-63D176D996AC}.Debug|x86.ActiveCfg = Debug|Any CPU
		{7FD8F1DB-25C0-4693-9726-63D176D996AC}.PackageBaseFx|Any CPU.ActiveCfg = Release|Any CPU
		{7FD8F1DB-25C0-4693-9726-63D176D996AC}.PackageBaseFx|Mixed Platforms.ActiveCfg = Release|Any CPU
		{7FD8F1DB-25C0-4693-9726-63D176D996AC}.PackageBaseFx|Mixed Platforms.Build.0 = Release|Any CPU
		{7FD8F1DB-25C0-4693-9726-63D176D996AC}.PackageBaseFx|x86.ActiveCfg = Release|Any CPU
		{7FD8F1DB-25C0-4693-9726-63D176D996AC}.PackageData|Any CPU.ActiveCfg = Release|Any CPU
		{7FD8F1DB-25C0-4693-9726-63D176D996AC}.PackageData|Any CPU.Build.0 = Release|Any CPU
		{7FD8F1DB-25C0-4693-9726-63D176D996AC}.PackageData|Mixed Platforms.ActiveCfg = Release|Any CPU
		{7FD8F1DB-25C0-4693-9726-63D176D996AC}.PackageData|Mixed Platforms.Build.0 = Release|Any CPU
		{7FD8F1DB-25C0-4693-9726-63D176D996AC}.PackageData|x86.ActiveCfg = Release|Any CPU
		{7FD8F1DB-25C0-4693-9726-63D176D996AC}.PackageDevFx|Any CPU.ActiveCfg = Release|Any CPU
		{7FD8F1DB-25C0-4693-9726-63D176D996AC}.PackageDevFx|Mixed Platforms.ActiveCfg = Release|Any CPU
		{7FD8F1DB-25C0-4693-9726-63D176D996AC}.PackageDevFx|Mixed Platforms.Build.0 = Release|Any CPU
		{7FD8F1DB-25C0-4693-9726-63D176D996AC}.PackageDevFx|x86.ActiveCfg = Release|Any CPU
		{7FD8F1DB-25C0-4693-9726-63D176D996AC}.PackageExtensions|Any CPU.ActiveCfg = Release|Any CPU
		{7FD8F1DB-25C0-4693-9726-63D176D996AC}.PackageExtensions|Mixed Platforms.ActiveCfg = Release|Any CPU
		{7FD8F1DB-25C0-4693-9726-63D176D996AC}.PackageExtensions|Mixed Platforms.Build.0 = Release|Any CPU
		{7FD8F1DB-25C0-4693-9726-63D176D996AC}.PackageExtensions|x86.ActiveCfg = Release|Any CPU
		{7FD8F1DB-25C0-4693-9726-63D176D996AC}.Release|Any CPU.ActiveCfg = Release|Any CPU
		{7FD8F1DB-25C0-4693-9726-63D176D996AC}.Release|Any CPU.Build.0 = Release|Any CPU
		{7FD8F1DB-25C0-4693-9726-63D176D996AC}.Release|Mixed Platforms.ActiveCfg = Release|Any CPU
		{7FD8F1DB-25C0-4693-9726-63D176D996AC}.Release|Mixed Platforms.Build.0 = Release|Any CPU
		{7FD8F1DB-25C0-4693-9726-63D176D996AC}.Release|x86.ActiveCfg = Release|Any CPU
		{A7132375-4B08-451A-98D5-FFF140FCE8C3}.Debug|Any CPU.ActiveCfg = Debug|Any CPU
		{A7132375-4B08-451A-98D5-FFF140FCE8C3}.Debug|Any CPU.Build.0 = Debug|Any CPU
		{A7132375-4B08-451A-98D5-FFF140FCE8C3}.Debug|Mixed Platforms.ActiveCfg = Debug|Any CPU
		{A7132375-4B08-451A-98D5-FFF140FCE8C3}.Debug|Mixed Platforms.Build.0 = Debug|Any CPU
		{A7132375-4B08-451A-98D5-FFF140FCE8C3}.Debug|x86.ActiveCfg = Debug|Any CPU
		{A7132375-4B08-451A-98D5-FFF140FCE8C3}.PackageBaseFx|Any CPU.ActiveCfg = Release|Any CPU
		{A7132375-4B08-451A-98D5-FFF140FCE8C3}.PackageBaseFx|Mixed Platforms.ActiveCfg = Release|Any CPU
		{A7132375-4B08-451A-98D5-FFF140FCE8C3}.PackageBaseFx|Mixed Platforms.Build.0 = Release|Any CPU
		{A7132375-4B08-451A-98D5-FFF140FCE8C3}.PackageBaseFx|x86.ActiveCfg = Release|Any CPU
		{A7132375-4B08-451A-98D5-FFF140FCE8C3}.PackageData|Any CPU.ActiveCfg = Release|Any CPU
		{A7132375-4B08-451A-98D5-FFF140FCE8C3}.PackageData|Mixed Platforms.ActiveCfg = Release|Any CPU
		{A7132375-4B08-451A-98D5-FFF140FCE8C3}.PackageData|Mixed Platforms.Build.0 = Release|Any CPU
		{A7132375-4B08-451A-98D5-FFF140FCE8C3}.PackageData|x86.ActiveCfg = Release|Any CPU
		{A7132375-4B08-451A-98D5-FFF140FCE8C3}.PackageDevFx|Any CPU.ActiveCfg = Release|Any CPU
		{A7132375-4B08-451A-98D5-FFF140FCE8C3}.PackageDevFx|Mixed Platforms.ActiveCfg = Release|Any CPU
		{A7132375-4B08-451A-98D5-FFF140FCE8C3}.PackageDevFx|Mixed Platforms.Build.0 = Release|Any CPU
		{A7132375-4B08-451A-98D5-FFF140FCE8C3}.PackageDevFx|x86.ActiveCfg = Release|Any CPU
		{A7132375-4B08-451A-98D5-FFF140FCE8C3}.PackageExtensions|Any CPU.ActiveCfg = Release|Any CPU
		{A7132375-4B08-451A-98D5-FFF140FCE8C3}.PackageExtensions|Any CPU.Build.0 = Release|Any CPU
		{A7132375-4B08-451A-98D5-FFF140FCE8C3}.PackageExtensions|Mixed Platforms.ActiveCfg = Release|Any CPU
		{A7132375-4B08-451A-98D5-FFF140FCE8C3}.PackageExtensions|Mixed Platforms.Build.0 = Release|Any CPU
		{A7132375-4B08-451A-98D5-FFF140FCE8C3}.PackageExtensions|x86.ActiveCfg = Release|Any CPU
		{A7132375-4B08-451A-98D5-FFF140FCE8C3}.Release|Any CPU.ActiveCfg = Release|Any CPU
		{A7132375-4B08-451A-98D5-FFF140FCE8C3}.Release|Any CPU.Build.0 = Release|Any CPU
		{A7132375-4B08-451A-98D5-FFF140FCE8C3}.Release|Mixed Platforms.ActiveCfg = Release|Any CPU
		{A7132375-4B08-451A-98D5-FFF140FCE8C3}.Release|Mixed Platforms.Build.0 = Release|Any CPU
		{A7132375-4B08-451A-98D5-FFF140FCE8C3}.Release|x86.ActiveCfg = Release|Any CPU
		{F4D49688-425C-4BA3-AFFC-DE9B15BE9CB3}.Debug|Any CPU.ActiveCfg = Debug|Any CPU
		{F4D49688-425C-4BA3-AFFC-DE9B15BE9CB3}.Debug|Any CPU.Build.0 = Debug|Any CPU
		{F4D49688-425C-4BA3-AFFC-DE9B15BE9CB3}.Debug|Mixed Platforms.ActiveCfg = Debug|Any CPU
		{F4D49688-425C-4BA3-AFFC-DE9B15BE9CB3}.Debug|Mixed Platforms.Build.0 = Debug|Any CPU
		{F4D49688-425C-4BA3-AFFC-DE9B15BE9CB3}.Debug|x86.ActiveCfg = Debug|Any CPU
		{F4D49688-425C-4BA3-AFFC-DE9B15BE9CB3}.PackageBaseFx|Any CPU.ActiveCfg = Release|Any CPU
		{F4D49688-425C-4BA3-AFFC-DE9B15BE9CB3}.PackageBaseFx|Mixed Platforms.ActiveCfg = Release|Any CPU
		{F4D49688-425C-4BA3-AFFC-DE9B15BE9CB3}.PackageBaseFx|Mixed Platforms.Build.0 = Release|Any CPU
		{F4D49688-425C-4BA3-AFFC-DE9B15BE9CB3}.PackageBaseFx|x86.ActiveCfg = Release|Any CPU
		{F4D49688-425C-4BA3-AFFC-DE9B15BE9CB3}.PackageData|Any CPU.ActiveCfg = Release|Any CPU
		{F4D49688-425C-4BA3-AFFC-DE9B15BE9CB3}.PackageData|Mixed Platforms.ActiveCfg = Release|Any CPU
		{F4D49688-425C-4BA3-AFFC-DE9B15BE9CB3}.PackageData|Mixed Platforms.Build.0 = Release|Any CPU
		{F4D49688-425C-4BA3-AFFC-DE9B15BE9CB3}.PackageData|x86.ActiveCfg = Release|Any CPU
		{F4D49688-425C-4BA3-AFFC-DE9B15BE9CB3}.PackageDevFx|Any CPU.ActiveCfg = Release|Any CPU
		{F4D49688-425C-4BA3-AFFC-DE9B15BE9CB3}.PackageDevFx|Mixed Platforms.ActiveCfg = Release|Any CPU
		{F4D49688-425C-4BA3-AFFC-DE9B15BE9CB3}.PackageDevFx|Mixed Platforms.Build.0 = Release|Any CPU
		{F4D49688-425C-4BA3-AFFC-DE9B15BE9CB3}.PackageDevFx|x86.ActiveCfg = Release|Any CPU
		{F4D49688-425C-4BA3-AFFC-DE9B15BE9CB3}.PackageExtensions|Any CPU.ActiveCfg = Release|Any CPU
		{F4D49688-425C-4BA3-AFFC-DE9B15BE9CB3}.PackageExtensions|Any CPU.Build.0 = Release|Any CPU
		{F4D49688-425C-4BA3-AFFC-DE9B15BE9CB3}.PackageExtensions|Mixed Platforms.ActiveCfg = Release|Any CPU
		{F4D49688-425C-4BA3-AFFC-DE9B15BE9CB3}.PackageExtensions|Mixed Platforms.Build.0 = Release|Any CPU
		{F4D49688-425C-4BA3-AFFC-DE9B15BE9CB3}.PackageExtensions|x86.ActiveCfg = Release|Any CPU
		{F4D49688-425C-4BA3-AFFC-DE9B15BE9CB3}.Release|Any CPU.ActiveCfg = Release|Any CPU
		{F4D49688-425C-4BA3-AFFC-DE9B15BE9CB3}.Release|Any CPU.Build.0 = Release|Any CPU
		{F4D49688-425C-4BA3-AFFC-DE9B15BE9CB3}.Release|Mixed Platforms.ActiveCfg = Release|Any CPU
		{F4D49688-425C-4BA3-AFFC-DE9B15BE9CB3}.Release|Mixed Platforms.Build.0 = Release|Any CPU
		{F4D49688-425C-4BA3-AFFC-DE9B15BE9CB3}.Release|x86.ActiveCfg = Release|Any CPU
		{6A61B532-9640-48B6-94C6-A6D372D7EC20}.Debug|Any CPU.ActiveCfg = Debug|x86
		{6A61B532-9640-48B6-94C6-A6D372D7EC20}.Debug|Mixed Platforms.ActiveCfg = Debug|x86
		{6A61B532-9640-48B6-94C6-A6D372D7EC20}.Debug|Mixed Platforms.Build.0 = Debug|x86
		{6A61B532-9640-48B6-94C6-A6D372D7EC20}.Debug|x86.ActiveCfg = Debug|x86
		{6A61B532-9640-48B6-94C6-A6D372D7EC20}.Debug|x86.Build.0 = Debug|x86
		{6A61B532-9640-48B6-94C6-A6D372D7EC20}.PackageBaseFx|Any CPU.ActiveCfg = Release|x86
		{6A61B532-9640-48B6-94C6-A6D372D7EC20}.PackageBaseFx|Mixed Platforms.ActiveCfg = Release|x86
		{6A61B532-9640-48B6-94C6-A6D372D7EC20}.PackageBaseFx|Mixed Platforms.Build.0 = Release|x86
		{6A61B532-9640-48B6-94C6-A6D372D7EC20}.PackageBaseFx|x86.ActiveCfg = Release|x86
		{6A61B532-9640-48B6-94C6-A6D372D7EC20}.PackageBaseFx|x86.Build.0 = Release|x86
		{6A61B532-9640-48B6-94C6-A6D372D7EC20}.PackageData|Any CPU.ActiveCfg = Release|x86
		{6A61B532-9640-48B6-94C6-A6D372D7EC20}.PackageData|Mixed Platforms.ActiveCfg = Release|x86
		{6A61B532-9640-48B6-94C6-A6D372D7EC20}.PackageData|Mixed Platforms.Build.0 = Release|x86
		{6A61B532-9640-48B6-94C6-A6D372D7EC20}.PackageData|x86.ActiveCfg = Release|x86
		{6A61B532-9640-48B6-94C6-A6D372D7EC20}.PackageData|x86.Build.0 = Release|x86
		{6A61B532-9640-48B6-94C6-A6D372D7EC20}.PackageDevFx|Any CPU.ActiveCfg = Release|x86
		{6A61B532-9640-48B6-94C6-A6D372D7EC20}.PackageDevFx|Mixed Platforms.ActiveCfg = Release|x86
		{6A61B532-9640-48B6-94C6-A6D372D7EC20}.PackageDevFx|Mixed Platforms.Build.0 = Release|x86
		{6A61B532-9640-48B6-94C6-A6D372D7EC20}.PackageDevFx|x86.ActiveCfg = Release|x86
		{6A61B532-9640-48B6-94C6-A6D372D7EC20}.PackageDevFx|x86.Build.0 = Release|x86
		{6A61B532-9640-48B6-94C6-A6D372D7EC20}.PackageExtensions|Any CPU.ActiveCfg = Release|x86
		{6A61B532-9640-48B6-94C6-A6D372D7EC20}.PackageExtensions|Mixed Platforms.ActiveCfg = Release|x86
		{6A61B532-9640-48B6-94C6-A6D372D7EC20}.PackageExtensions|Mixed Platforms.Build.0 = Release|x86
		{6A61B532-9640-48B6-94C6-A6D372D7EC20}.PackageExtensions|x86.ActiveCfg = Release|x86
		{6A61B532-9640-48B6-94C6-A6D372D7EC20}.PackageExtensions|x86.Build.0 = Release|x86
		{6A61B532-9640-48B6-94C6-A6D372D7EC20}.Release|Any CPU.ActiveCfg = Release|x86
		{6A61B532-9640-48B6-94C6-A6D372D7EC20}.Release|Mixed Platforms.ActiveCfg = Release|x86
		{6A61B532-9640-48B6-94C6-A6D372D7EC20}.Release|Mixed Platforms.Build.0 = Release|x86
		{6A61B532-9640-48B6-94C6-A6D372D7EC20}.Release|x86.ActiveCfg = Release|x86
		{6A61B532-9640-48B6-94C6-A6D372D7EC20}.Release|x86.Build.0 = Release|x86
		{36CDC5DC-A1D0-416F-8BE4-EBE1E3B98E15}.Debug|Any CPU.ActiveCfg = Debug|x86
		{36CDC5DC-A1D0-416F-8BE4-EBE1E3B98E15}.Debug|Mixed Platforms.ActiveCfg = Debug|x86
		{36CDC5DC-A1D0-416F-8BE4-EBE1E3B98E15}.Debug|Mixed Platforms.Build.0 = Debug|x86
		{36CDC5DC-A1D0-416F-8BE4-EBE1E3B98E15}.Debug|x86.ActiveCfg = Debug|x86
		{36CDC5DC-A1D0-416F-8BE4-EBE1E3B98E15}.Debug|x86.Build.0 = Debug|x86
		{36CDC5DC-A1D0-416F-8BE4-EBE1E3B98E15}.PackageBaseFx|Any CPU.ActiveCfg = Release|x86
		{36CDC5DC-A1D0-416F-8BE4-EBE1E3B98E15}.PackageBaseFx|Mixed Platforms.ActiveCfg = Release|x86
		{36CDC5DC-A1D0-416F-8BE4-EBE1E3B98E15}.PackageBaseFx|Mixed Platforms.Build.0 = Release|x86
		{36CDC5DC-A1D0-416F-8BE4-EBE1E3B98E15}.PackageBaseFx|x86.ActiveCfg = Release|x86
		{36CDC5DC-A1D0-416F-8BE4-EBE1E3B98E15}.PackageBaseFx|x86.Build.0 = Release|x86
		{36CDC5DC-A1D0-416F-8BE4-EBE1E3B98E15}.PackageData|Any CPU.ActiveCfg = Release|x86
		{36CDC5DC-A1D0-416F-8BE4-EBE1E3B98E15}.PackageData|Mixed Platforms.ActiveCfg = Release|x86
		{36CDC5DC-A1D0-416F-8BE4-EBE1E3B98E15}.PackageData|Mixed Platforms.Build.0 = Release|x86
		{36CDC5DC-A1D0-416F-8BE4-EBE1E3B98E15}.PackageData|x86.ActiveCfg = Release|x86
		{36CDC5DC-A1D0-416F-8BE4-EBE1E3B98E15}.PackageData|x86.Build.0 = Release|x86
		{36CDC5DC-A1D0-416F-8BE4-EBE1E3B98E15}.PackageDevFx|Any CPU.ActiveCfg = Release|x86
		{36CDC5DC-A1D0-416F-8BE4-EBE1E3B98E15}.PackageDevFx|Mixed Platforms.ActiveCfg = Release|x86
		{36CDC5DC-A1D0-416F-8BE4-EBE1E3B98E15}.PackageDevFx|Mixed Platforms.Build.0 = Release|x86
		{36CDC5DC-A1D0-416F-8BE4-EBE1E3B98E15}.PackageDevFx|x86.ActiveCfg = Release|x86
		{36CDC5DC-A1D0-416F-8BE4-EBE1E3B98E15}.PackageDevFx|x86.Build.0 = Release|x86
		{36CDC5DC-A1D0-416F-8BE4-EBE1E3B98E15}.PackageExtensions|Any CPU.ActiveCfg = Release|x86
		{36CDC5DC-A1D0-416F-8BE4-EBE1E3B98E15}.PackageExtensions|Mixed Platforms.ActiveCfg = Release|x86
		{36CDC5DC-A1D0-416F-8BE4-EBE1E3B98E15}.PackageExtensions|Mixed Platforms.Build.0 = Release|x86
		{36CDC5DC-A1D0-416F-8BE4-EBE1E3B98E15}.PackageExtensions|x86.ActiveCfg = Release|x86
		{36CDC5DC-A1D0-416F-8BE4-EBE1E3B98E15}.PackageExtensions|x86.Build.0 = Release|x86
		{36CDC5DC-A1D0-416F-8BE4-EBE1E3B98E15}.Release|Any CPU.ActiveCfg = Release|x86
		{36CDC5DC-A1D0-416F-8BE4-EBE1E3B98E15}.Release|Mixed Platforms.ActiveCfg = Release|x86
		{36CDC5DC-A1D0-416F-8BE4-EBE1E3B98E15}.Release|Mixed Platforms.Build.0 = Release|x86
		{36CDC5DC-A1D0-416F-8BE4-EBE1E3B98E15}.Release|x86.ActiveCfg = Release|x86
		{36CDC5DC-A1D0-416F-8BE4-EBE1E3B98E15}.Release|x86.Build.0 = Release|x86
		{77E6A5EC-8FB4-41A8-9CB5-3FAD8E78B22E}.Debug|Any CPU.ActiveCfg = Debug|Any CPU
		{77E6A5EC-8FB4-41A8-9CB5-3FAD8E78B22E}.Debug|Any CPU.Build.0 = Debug|Any CPU
		{77E6A5EC-8FB4-41A8-9CB5-3FAD8E78B22E}.Debug|Mixed Platforms.ActiveCfg = Debug|Any CPU
		{77E6A5EC-8FB4-41A8-9CB5-3FAD8E78B22E}.Debug|Mixed Platforms.Build.0 = Debug|Any CPU
		{77E6A5EC-8FB4-41A8-9CB5-3FAD8E78B22E}.Debug|x86.ActiveCfg = Debug|Any CPU
		{77E6A5EC-8FB4-41A8-9CB5-3FAD8E78B22E}.PackageBaseFx|Any CPU.ActiveCfg = Release|Any CPU
		{77E6A5EC-8FB4-41A8-9CB5-3FAD8E78B22E}.PackageBaseFx|Mixed Platforms.ActiveCfg = Release|Any CPU
		{77E6A5EC-8FB4-41A8-9CB5-3FAD8E78B22E}.PackageBaseFx|Mixed Platforms.Build.0 = Release|Any CPU
		{77E6A5EC-8FB4-41A8-9CB5-3FAD8E78B22E}.PackageBaseFx|x86.ActiveCfg = Release|Any CPU
		{77E6A5EC-8FB4-41A8-9CB5-3FAD8E78B22E}.PackageData|Any CPU.ActiveCfg = Release|Any CPU
		{77E6A5EC-8FB4-41A8-9CB5-3FAD8E78B22E}.PackageData|Mixed Platforms.ActiveCfg = Release|Any CPU
		{77E6A5EC-8FB4-41A8-9CB5-3FAD8E78B22E}.PackageData|Mixed Platforms.Build.0 = Release|Any CPU
		{77E6A5EC-8FB4-41A8-9CB5-3FAD8E78B22E}.PackageData|x86.ActiveCfg = Release|Any CPU
		{77E6A5EC-8FB4-41A8-9CB5-3FAD8E78B22E}.PackageDevFx|Any CPU.ActiveCfg = Release|Any CPU
		{77E6A5EC-8FB4-41A8-9CB5-3FAD8E78B22E}.PackageDevFx|Mixed Platforms.ActiveCfg = Release|Any CPU
		{77E6A5EC-8FB4-41A8-9CB5-3FAD8E78B22E}.PackageDevFx|Mixed Platforms.Build.0 = Release|Any CPU
		{77E6A5EC-8FB4-41A8-9CB5-3FAD8E78B22E}.PackageDevFx|x86.ActiveCfg = Release|Any CPU
		{77E6A5EC-8FB4-41A8-9CB5-3FAD8E78B22E}.PackageExtensions|Any CPU.ActiveCfg = Release|Any CPU
		{77E6A5EC-8FB4-41A8-9CB5-3FAD8E78B22E}.PackageExtensions|Mixed Platforms.ActiveCfg = Release|Any CPU
		{77E6A5EC-8FB4-41A8-9CB5-3FAD8E78B22E}.PackageExtensions|Mixed Platforms.Build.0 = Release|Any CPU
		{77E6A5EC-8FB4-41A8-9CB5-3FAD8E78B22E}.PackageExtensions|x86.ActiveCfg = Release|Any CPU
		{77E6A5EC-8FB4-41A8-9CB5-3FAD8E78B22E}.Release|Any CPU.ActiveCfg = Release|Any CPU
		{77E6A5EC-8FB4-41A8-9CB5-3FAD8E78B22E}.Release|Mixed Platforms.ActiveCfg = Release|Any CPU
		{77E6A5EC-8FB4-41A8-9CB5-3FAD8E78B22E}.Release|Mixed Platforms.Build.0 = Release|Any CPU
		{77E6A5EC-8FB4-41A8-9CB5-3FAD8E78B22E}.Release|x86.ActiveCfg = Release|Any CPU
		{AE816849-EBF1-4911-ADB0-50C48B149FC5}.Debug|Any CPU.ActiveCfg = Debug|Any CPU
		{AE816849-EBF1-4911-ADB0-50C48B149FC5}.Debug|Any CPU.Build.0 = Debug|Any CPU
		{AE816849-EBF1-4911-ADB0-50C48B149FC5}.Debug|Mixed Platforms.ActiveCfg = Debug|Any CPU
		{AE816849-EBF1-4911-ADB0-50C48B149FC5}.Debug|Mixed Platforms.Build.0 = Debug|Any CPU
		{AE816849-EBF1-4911-ADB0-50C48B149FC5}.Debug|x86.ActiveCfg = Debug|Any CPU
		{AE816849-EBF1-4911-ADB0-50C48B149FC5}.PackageBaseFx|Any CPU.ActiveCfg = Release|Any CPU
		{AE816849-EBF1-4911-ADB0-50C48B149FC5}.PackageBaseFx|Mixed Platforms.ActiveCfg = Release|Any CPU
		{AE816849-EBF1-4911-ADB0-50C48B149FC5}.PackageBaseFx|Mixed Platforms.Build.0 = Release|Any CPU
		{AE816849-EBF1-4911-ADB0-50C48B149FC5}.PackageBaseFx|x86.ActiveCfg = Release|Any CPU
		{AE816849-EBF1-4911-ADB0-50C48B149FC5}.PackageData|Any CPU.ActiveCfg = Release|Any CPU
		{AE816849-EBF1-4911-ADB0-50C48B149FC5}.PackageData|Mixed Platforms.ActiveCfg = Release|Any CPU
		{AE816849-EBF1-4911-ADB0-50C48B149FC5}.PackageData|Mixed Platforms.Build.0 = Release|Any CPU
		{AE816849-EBF1-4911-ADB0-50C48B149FC5}.PackageData|x86.ActiveCfg = Release|Any CPU
		{AE816849-EBF1-4911-ADB0-50C48B149FC5}.PackageDevFx|Any CPU.ActiveCfg = Release|Any CPU
		{AE816849-EBF1-4911-ADB0-50C48B149FC5}.PackageDevFx|Mixed Platforms.ActiveCfg = Release|Any CPU
		{AE816849-EBF1-4911-ADB0-50C48B149FC5}.PackageDevFx|Mixed Platforms.Build.0 = Release|Any CPU
		{AE816849-EBF1-4911-ADB0-50C48B149FC5}.PackageDevFx|x86.ActiveCfg = Release|Any CPU
		{AE816849-EBF1-4911-ADB0-50C48B149FC5}.PackageExtensions|Any CPU.ActiveCfg = Release|Any CPU
		{AE816849-EBF1-4911-ADB0-50C48B149FC5}.PackageExtensions|Mixed Platforms.ActiveCfg = Release|Any CPU
		{AE816849-EBF1-4911-ADB0-50C48B149FC5}.PackageExtensions|Mixed Platforms.Build.0 = Release|Any CPU
		{AE816849-EBF1-4911-ADB0-50C48B149FC5}.PackageExtensions|x86.ActiveCfg = Release|Any CPU
		{AE816849-EBF1-4911-ADB0-50C48B149FC5}.Release|Any CPU.ActiveCfg = Release|Any CPU
		{AE816849-EBF1-4911-ADB0-50C48B149FC5}.Release|Mixed Platforms.ActiveCfg = Release|Any CPU
		{AE816849-EBF1-4911-ADB0-50C48B149FC5}.Release|Mixed Platforms.Build.0 = Release|Any CPU
		{AE816849-EBF1-4911-ADB0-50C48B149FC5}.Release|x86.ActiveCfg = Release|Any CPU
		{7757AE6C-C3E0-4DA1-8693-0F58F29820AD}.Debug|Any CPU.ActiveCfg = Debug|Any CPU
		{7757AE6C-C3E0-4DA1-8693-0F58F29820AD}.Debug|Any CPU.Build.0 = Debug|Any CPU
		{7757AE6C-C3E0-4DA1-8693-0F58F29820AD}.Debug|Mixed Platforms.ActiveCfg = Debug|Any CPU
		{7757AE6C-C3E0-4DA1-8693-0F58F29820AD}.Debug|Mixed Platforms.Build.0 = Debug|Any CPU
		{7757AE6C-C3E0-4DA1-8693-0F58F29820AD}.Debug|x86.ActiveCfg = Debug|Any CPU
		{7757AE6C-C3E0-4DA1-8693-0F58F29820AD}.PackageBaseFx|Any CPU.ActiveCfg = Release|Any CPU
		{7757AE6C-C3E0-4DA1-8693-0F58F29820AD}.PackageBaseFx|Mixed Platforms.ActiveCfg = Release|Any CPU
		{7757AE6C-C3E0-4DA1-8693-0F58F29820AD}.PackageBaseFx|Mixed Platforms.Build.0 = Release|Any CPU
		{7757AE6C-C3E0-4DA1-8693-0F58F29820AD}.PackageBaseFx|x86.ActiveCfg = Release|Any CPU
		{7757AE6C-C3E0-4DA1-8693-0F58F29820AD}.PackageData|Any CPU.ActiveCfg = Release|Any CPU
		{7757AE6C-C3E0-4DA1-8693-0F58F29820AD}.PackageData|Mixed Platforms.ActiveCfg = Release|Any CPU
		{7757AE6C-C3E0-4DA1-8693-0F58F29820AD}.PackageData|Mixed Platforms.Build.0 = Release|Any CPU
		{7757AE6C-C3E0-4DA1-8693-0F58F29820AD}.PackageData|x86.ActiveCfg = Release|Any CPU
		{7757AE6C-C3E0-4DA1-8693-0F58F29820AD}.PackageDevFx|Any CPU.ActiveCfg = Release|Any CPU
		{7757AE6C-C3E0-4DA1-8693-0F58F29820AD}.PackageDevFx|Mixed Platforms.ActiveCfg = Release|Any CPU
		{7757AE6C-C3E0-4DA1-8693-0F58F29820AD}.PackageDevFx|Mixed Platforms.Build.0 = Release|Any CPU
		{7757AE6C-C3E0-4DA1-8693-0F58F29820AD}.PackageDevFx|x86.ActiveCfg = Release|Any CPU
		{7757AE6C-C3E0-4DA1-8693-0F58F29820AD}.PackageExtensions|Any CPU.ActiveCfg = Release|Any CPU
		{7757AE6C-C3E0-4DA1-8693-0F58F29820AD}.PackageExtensions|Mixed Platforms.ActiveCfg = Release|Any CPU
		{7757AE6C-C3E0-4DA1-8693-0F58F29820AD}.PackageExtensions|Mixed Platforms.Build.0 = Release|Any CPU
		{7757AE6C-C3E0-4DA1-8693-0F58F29820AD}.PackageExtensions|x86.ActiveCfg = Release|Any CPU
		{7757AE6C-C3E0-4DA1-8693-0F58F29820AD}.Release|Any CPU.ActiveCfg = Release|Any CPU
		{7757AE6C-C3E0-4DA1-8693-0F58F29820AD}.Release|Mixed Platforms.ActiveCfg = Release|Any CPU
		{7757AE6C-C3E0-4DA1-8693-0F58F29820AD}.Release|Mixed Platforms.Build.0 = Release|Any CPU
		{7757AE6C-C3E0-4DA1-8693-0F58F29820AD}.Release|x86.ActiveCfg = Release|Any CPU
		{CEB87651-EBE5-4036-BF10-D4781C1270C3}.Debug|Any CPU.ActiveCfg = Debug|x86
		{CEB87651-EBE5-4036-BF10-D4781C1270C3}.Debug|Mixed Platforms.ActiveCfg = Debug|x86
		{CEB87651-EBE5-4036-BF10-D4781C1270C3}.Debug|Mixed Platforms.Build.0 = Debug|x86
		{CEB87651-EBE5-4036-BF10-D4781C1270C3}.Debug|x86.ActiveCfg = Debug|x86
		{CEB87651-EBE5-4036-BF10-D4781C1270C3}.Debug|x86.Build.0 = Debug|x86
		{CEB87651-EBE5-4036-BF10-D4781C1270C3}.PackageBaseFx|Any CPU.ActiveCfg = Release|x86
		{CEB87651-EBE5-4036-BF10-D4781C1270C3}.PackageBaseFx|Mixed Platforms.ActiveCfg = Release|x86
		{CEB87651-EBE5-4036-BF10-D4781C1270C3}.PackageBaseFx|Mixed Platforms.Build.0 = Release|x86
		{CEB87651-EBE5-4036-BF10-D4781C1270C3}.PackageBaseFx|x86.ActiveCfg = Release|x86
		{CEB87651-EBE5-4036-BF10-D4781C1270C3}.PackageBaseFx|x86.Build.0 = Release|x86
		{CEB87651-EBE5-4036-BF10-D4781C1270C3}.PackageData|Any CPU.ActiveCfg = Release|x86
		{CEB87651-EBE5-4036-BF10-D4781C1270C3}.PackageData|Mixed Platforms.ActiveCfg = Release|x86
		{CEB87651-EBE5-4036-BF10-D4781C1270C3}.PackageData|Mixed Platforms.Build.0 = Release|x86
		{CEB87651-EBE5-4036-BF10-D4781C1270C3}.PackageData|x86.ActiveCfg = Release|x86
		{CEB87651-EBE5-4036-BF10-D4781C1270C3}.PackageData|x86.Build.0 = Release|x86
		{CEB87651-EBE5-4036-BF10-D4781C1270C3}.PackageDevFx|Any CPU.ActiveCfg = Release|x86
		{CEB87651-EBE5-4036-BF10-D4781C1270C3}.PackageDevFx|Mixed Platforms.ActiveCfg = Release|x86
		{CEB87651-EBE5-4036-BF10-D4781C1270C3}.PackageDevFx|Mixed Platforms.Build.0 = Release|x86
		{CEB87651-EBE5-4036-BF10-D4781C1270C3}.PackageDevFx|x86.ActiveCfg = Release|x86
		{CEB87651-EBE5-4036-BF10-D4781C1270C3}.PackageDevFx|x86.Build.0 = Release|x86
		{CEB87651-EBE5-4036-BF10-D4781C1270C3}.PackageExtensions|Any CPU.ActiveCfg = Release|x86
		{CEB87651-EBE5-4036-BF10-D4781C1270C3}.PackageExtensions|Mixed Platforms.ActiveCfg = Release|x86
		{CEB87651-EBE5-4036-BF10-D4781C1270C3}.PackageExtensions|Mixed Platforms.Build.0 = Release|x86
		{CEB87651-EBE5-4036-BF10-D4781C1270C3}.PackageExtensions|x86.ActiveCfg = Release|x86
		{CEB87651-EBE5-4036-BF10-D4781C1270C3}.PackageExtensions|x86.Build.0 = Release|x86
		{CEB87651-EBE5-4036-BF10-D4781C1270C3}.Release|Any CPU.ActiveCfg = Release|x86
		{CEB87651-EBE5-4036-BF10-D4781C1270C3}.Release|Mixed Platforms.ActiveCfg = Release|x86
		{CEB87651-EBE5-4036-BF10-D4781C1270C3}.Release|Mixed Platforms.Build.0 = Release|x86
		{CEB87651-EBE5-4036-BF10-D4781C1270C3}.Release|x86.ActiveCfg = Release|x86
		{CEB87651-EBE5-4036-BF10-D4781C1270C3}.Release|x86.Build.0 = Release|x86
		{D69FADBE-5F86-43A8-94BA-D63C02F2728D}.Debug|Any CPU.ActiveCfg = Debug|x86
		{D69FADBE-5F86-43A8-94BA-D63C02F2728D}.Debug|Mixed Platforms.ActiveCfg = Debug|x86
		{D69FADBE-5F86-43A8-94BA-D63C02F2728D}.Debug|Mixed Platforms.Build.0 = Debug|x86
		{D69FADBE-5F86-43A8-94BA-D63C02F2728D}.Debug|x86.ActiveCfg = Debug|x86
		{D69FADBE-5F86-43A8-94BA-D63C02F2728D}.Debug|x86.Build.0 = Debug|x86
		{D69FADBE-5F86-43A8-94BA-D63C02F2728D}.PackageBaseFx|Any CPU.ActiveCfg = Release|x86
		{D69FADBE-5F86-43A8-94BA-D63C02F2728D}.PackageBaseFx|Mixed Platforms.ActiveCfg = Release|x86
		{D69FADBE-5F86-43A8-94BA-D63C02F2728D}.PackageBaseFx|Mixed Platforms.Build.0 = Release|x86
		{D69FADBE-5F86-43A8-94BA-D63C02F2728D}.PackageBaseFx|x86.ActiveCfg = Release|x86
		{D69FADBE-5F86-43A8-94BA-D63C02F2728D}.PackageBaseFx|x86.Build.0 = Release|x86
		{D69FADBE-5F86-43A8-94BA-D63C02F2728D}.PackageData|Any CPU.ActiveCfg = Release|x86
		{D69FADBE-5F86-43A8-94BA-D63C02F2728D}.PackageData|Mixed Platforms.ActiveCfg = Release|x86
		{D69FADBE-5F86-43A8-94BA-D63C02F2728D}.PackageData|Mixed Platforms.Build.0 = Release|x86
		{D69FADBE-5F86-43A8-94BA-D63C02F2728D}.PackageData|x86.ActiveCfg = Release|x86
		{D69FADBE-5F86-43A8-94BA-D63C02F2728D}.PackageData|x86.Build.0 = Release|x86
		{D69FADBE-5F86-43A8-94BA-D63C02F2728D}.PackageDevFx|Any CPU.ActiveCfg = Release|x86
		{D69FADBE-5F86-43A8-94BA-D63C02F2728D}.PackageDevFx|Mixed Platforms.ActiveCfg = Release|x86
		{D69FADBE-5F86-43A8-94BA-D63C02F2728D}.PackageDevFx|Mixed Platforms.Build.0 = Release|x86
		{D69FADBE-5F86-43A8-94BA-D63C02F2728D}.PackageDevFx|x86.ActiveCfg = Release|x86
		{D69FADBE-5F86-43A8-94BA-D63C02F2728D}.PackageDevFx|x86.Build.0 = Release|x86
		{D69FADBE-5F86-43A8-94BA-D63C02F2728D}.PackageExtensions|Any CPU.ActiveCfg = Release|x86
		{D69FADBE-5F86-43A8-94BA-D63C02F2728D}.PackageExtensions|Mixed Platforms.ActiveCfg = Release|x86
		{D69FADBE-5F86-43A8-94BA-D63C02F2728D}.PackageExtensions|Mixed Platforms.Build.0 = Release|x86
		{D69FADBE-5F86-43A8-94BA-D63C02F2728D}.PackageExtensions|x86.ActiveCfg = Release|x86
		{D69FADBE-5F86-43A8-94BA-D63C02F2728D}.PackageExtensions|x86.Build.0 = Release|x86
		{D69FADBE-5F86-43A8-94BA-D63C02F2728D}.Release|Any CPU.ActiveCfg = Release|x86
		{D69FADBE-5F86-43A8-94BA-D63C02F2728D}.Release|Mixed Platforms.ActiveCfg = Release|x86
		{D69FADBE-5F86-43A8-94BA-D63C02F2728D}.Release|Mixed Platforms.Build.0 = Release|x86
		{D69FADBE-5F86-43A8-94BA-D63C02F2728D}.Release|x86.ActiveCfg = Release|x86
		{D69FADBE-5F86-43A8-94BA-D63C02F2728D}.Release|x86.Build.0 = Release|x86
		{8AF393EB-3001-452D-BEBD-FAE3AA227BB1}.Debug|Any CPU.ActiveCfg = Debug|Any CPU
		{8AF393EB-3001-452D-BEBD-FAE3AA227BB1}.Debug|Any CPU.Build.0 = Debug|Any CPU
		{8AF393EB-3001-452D-BEBD-FAE3AA227BB1}.Debug|Mixed Platforms.ActiveCfg = Debug|Any CPU
		{8AF393EB-3001-452D-BEBD-FAE3AA227BB1}.Debug|Mixed Platforms.Build.0 = Debug|Any CPU
		{8AF393EB-3001-452D-BEBD-FAE3AA227BB1}.Debug|x86.ActiveCfg = Debug|Any CPU
		{8AF393EB-3001-452D-BEBD-FAE3AA227BB1}.PackageBaseFx|Any CPU.ActiveCfg = Release|Any CPU
		{8AF393EB-3001-452D-BEBD-FAE3AA227BB1}.PackageBaseFx|Any CPU.Build.0 = Release|Any CPU
		{8AF393EB-3001-452D-BEBD-FAE3AA227BB1}.PackageBaseFx|Mixed Platforms.ActiveCfg = Release|Any CPU
		{8AF393EB-3001-452D-BEBD-FAE3AA227BB1}.PackageBaseFx|Mixed Platforms.Build.0 = Release|Any CPU
		{8AF393EB-3001-452D-BEBD-FAE3AA227BB1}.PackageBaseFx|x86.ActiveCfg = Release|Any CPU
		{8AF393EB-3001-452D-BEBD-FAE3AA227BB1}.PackageData|Any CPU.ActiveCfg = Release|Any CPU
		{8AF393EB-3001-452D-BEBD-FAE3AA227BB1}.PackageData|Any CPU.Build.0 = Release|Any CPU
		{8AF393EB-3001-452D-BEBD-FAE3AA227BB1}.PackageData|Mixed Platforms.ActiveCfg = Release|Any CPU
		{8AF393EB-3001-452D-BEBD-FAE3AA227BB1}.PackageData|Mixed Platforms.Build.0 = Release|Any CPU
		{8AF393EB-3001-452D-BEBD-FAE3AA227BB1}.PackageData|x86.ActiveCfg = Release|Any CPU
		{8AF393EB-3001-452D-BEBD-FAE3AA227BB1}.PackageDevFx|Any CPU.ActiveCfg = Release|Any CPU
		{8AF393EB-3001-452D-BEBD-FAE3AA227BB1}.PackageDevFx|Any CPU.Build.0 = Release|Any CPU
		{8AF393EB-3001-452D-BEBD-FAE3AA227BB1}.PackageDevFx|Mixed Platforms.ActiveCfg = Release|Any CPU
		{8AF393EB-3001-452D-BEBD-FAE3AA227BB1}.PackageDevFx|Mixed Platforms.Build.0 = Release|Any CPU
		{8AF393EB-3001-452D-BEBD-FAE3AA227BB1}.PackageDevFx|x86.ActiveCfg = Release|Any CPU
		{8AF393EB-3001-452D-BEBD-FAE3AA227BB1}.PackageExtensions|Any CPU.ActiveCfg = Release|Any CPU
		{8AF393EB-3001-452D-BEBD-FAE3AA227BB1}.PackageExtensions|Any CPU.Build.0 = Release|Any CPU
		{8AF393EB-3001-452D-BEBD-FAE3AA227BB1}.PackageExtensions|Mixed Platforms.ActiveCfg = Release|Any CPU
		{8AF393EB-3001-452D-BEBD-FAE3AA227BB1}.PackageExtensions|Mixed Platforms.Build.0 = Release|Any CPU
		{8AF393EB-3001-452D-BEBD-FAE3AA227BB1}.PackageExtensions|x86.ActiveCfg = Release|Any CPU
		{8AF393EB-3001-452D-BEBD-FAE3AA227BB1}.Release|Any CPU.ActiveCfg = Release|Any CPU
		{8AF393EB-3001-452D-BEBD-FAE3AA227BB1}.Release|Any CPU.Build.0 = Release|Any CPU
		{8AF393EB-3001-452D-BEBD-FAE3AA227BB1}.Release|Mixed Platforms.ActiveCfg = Release|Any CPU
		{8AF393EB-3001-452D-BEBD-FAE3AA227BB1}.Release|Mixed Platforms.Build.0 = Release|Any CPU
		{8AF393EB-3001-452D-BEBD-FAE3AA227BB1}.Release|x86.ActiveCfg = Release|Any CPU
		{4C04C01B-3A43-4184-B2AD-14C9A56D6CD3}.Debug|Any CPU.ActiveCfg = Debug|Any CPU
		{4C04C01B-3A43-4184-B2AD-14C9A56D6CD3}.Debug|Any CPU.Build.0 = Debug|Any CPU
		{4C04C01B-3A43-4184-B2AD-14C9A56D6CD3}.Debug|Mixed Platforms.ActiveCfg = Debug|Any CPU
		{4C04C01B-3A43-4184-B2AD-14C9A56D6CD3}.Debug|Mixed Platforms.Build.0 = Debug|Any CPU
		{4C04C01B-3A43-4184-B2AD-14C9A56D6CD3}.Debug|x86.ActiveCfg = Debug|Any CPU
		{4C04C01B-3A43-4184-B2AD-14C9A56D6CD3}.PackageBaseFx|Any CPU.ActiveCfg = Release|Any CPU
		{4C04C01B-3A43-4184-B2AD-14C9A56D6CD3}.PackageBaseFx|Any CPU.Build.0 = Release|Any CPU
		{4C04C01B-3A43-4184-B2AD-14C9A56D6CD3}.PackageBaseFx|Mixed Platforms.ActiveCfg = Release|Any CPU
		{4C04C01B-3A43-4184-B2AD-14C9A56D6CD3}.PackageBaseFx|Mixed Platforms.Build.0 = Release|Any CPU
		{4C04C01B-3A43-4184-B2AD-14C9A56D6CD3}.PackageBaseFx|x86.ActiveCfg = Release|Any CPU
		{4C04C01B-3A43-4184-B2AD-14C9A56D6CD3}.PackageData|Any CPU.ActiveCfg = Release|Any CPU
		{4C04C01B-3A43-4184-B2AD-14C9A56D6CD3}.PackageData|Any CPU.Build.0 = Release|Any CPU
		{4C04C01B-3A43-4184-B2AD-14C9A56D6CD3}.PackageData|Mixed Platforms.ActiveCfg = Release|Any CPU
		{4C04C01B-3A43-4184-B2AD-14C9A56D6CD3}.PackageData|Mixed Platforms.Build.0 = Release|Any CPU
		{4C04C01B-3A43-4184-B2AD-14C9A56D6CD3}.PackageData|x86.ActiveCfg = Release|Any CPU
		{4C04C01B-3A43-4184-B2AD-14C9A56D6CD3}.PackageDevFx|Any CPU.ActiveCfg = Release|Any CPU
		{4C04C01B-3A43-4184-B2AD-14C9A56D6CD3}.PackageDevFx|Any CPU.Build.0 = Release|Any CPU
		{4C04C01B-3A43-4184-B2AD-14C9A56D6CD3}.PackageDevFx|Mixed Platforms.ActiveCfg = Release|Any CPU
		{4C04C01B-3A43-4184-B2AD-14C9A56D6CD3}.PackageDevFx|Mixed Platforms.Build.0 = Release|Any CPU
		{4C04C01B-3A43-4184-B2AD-14C9A56D6CD3}.PackageDevFx|x86.ActiveCfg = Release|Any CPU
		{4C04C01B-3A43-4184-B2AD-14C9A56D6CD3}.PackageExtensions|Any CPU.ActiveCfg = Release|Any CPU
		{4C04C01B-3A43-4184-B2AD-14C9A56D6CD3}.PackageExtensions|Any CPU.Build.0 = Release|Any CPU
		{4C04C01B-3A43-4184-B2AD-14C9A56D6CD3}.PackageExtensions|Mixed Platforms.ActiveCfg = Release|Any CPU
		{4C04C01B-3A43-4184-B2AD-14C9A56D6CD3}.PackageExtensions|Mixed Platforms.Build.0 = Release|Any CPU
		{4C04C01B-3A43-4184-B2AD-14C9A56D6CD3}.PackageExtensions|x86.ActiveCfg = Release|Any CPU
		{4C04C01B-3A43-4184-B2AD-14C9A56D6CD3}.Release|Any CPU.ActiveCfg = Release|Any CPU
		{4C04C01B-3A43-4184-B2AD-14C9A56D6CD3}.Release|Any CPU.Build.0 = Release|Any CPU
		{4C04C01B-3A43-4184-B2AD-14C9A56D6CD3}.Release|Mixed Platforms.ActiveCfg = Release|Any CPU
		{4C04C01B-3A43-4184-B2AD-14C9A56D6CD3}.Release|Mixed Platforms.Build.0 = Release|Any CPU
		{4C04C01B-3A43-4184-B2AD-14C9A56D6CD3}.Release|x86.ActiveCfg = Release|Any CPU
		{8CD6C8F7-E833-4EFF-A307-B9DF07BCA1AD}.Debug|Any CPU.ActiveCfg = Debug|Any CPU
		{8CD6C8F7-E833-4EFF-A307-B9DF07BCA1AD}.Debug|Any CPU.Build.0 = Debug|Any CPU
		{8CD6C8F7-E833-4EFF-A307-B9DF07BCA1AD}.Debug|Mixed Platforms.ActiveCfg = Debug|Any CPU
		{8CD6C8F7-E833-4EFF-A307-B9DF07BCA1AD}.Debug|Mixed Platforms.Build.0 = Debug|Any CPU
		{8CD6C8F7-E833-4EFF-A307-B9DF07BCA1AD}.Debug|x86.ActiveCfg = Debug|Any CPU
		{8CD6C8F7-E833-4EFF-A307-B9DF07BCA1AD}.PackageBaseFx|Any CPU.ActiveCfg = Release|Any CPU
		{8CD6C8F7-E833-4EFF-A307-B9DF07BCA1AD}.PackageBaseFx|Any CPU.Build.0 = Release|Any CPU
		{8CD6C8F7-E833-4EFF-A307-B9DF07BCA1AD}.PackageBaseFx|Mixed Platforms.ActiveCfg = Release|Any CPU
		{8CD6C8F7-E833-4EFF-A307-B9DF07BCA1AD}.PackageBaseFx|Mixed Platforms.Build.0 = Release|Any CPU
		{8CD6C8F7-E833-4EFF-A307-B9DF07BCA1AD}.PackageBaseFx|x86.ActiveCfg = Release|Any CPU
		{8CD6C8F7-E833-4EFF-A307-B9DF07BCA1AD}.PackageData|Any CPU.ActiveCfg = Release|Any CPU
		{8CD6C8F7-E833-4EFF-A307-B9DF07BCA1AD}.PackageData|Any CPU.Build.0 = Release|Any CPU
		{8CD6C8F7-E833-4EFF-A307-B9DF07BCA1AD}.PackageData|Mixed Platforms.ActiveCfg = Release|Any CPU
		{8CD6C8F7-E833-4EFF-A307-B9DF07BCA1AD}.PackageData|Mixed Platforms.Build.0 = Release|Any CPU
		{8CD6C8F7-E833-4EFF-A307-B9DF07BCA1AD}.PackageData|x86.ActiveCfg = Release|Any CPU
		{8CD6C8F7-E833-4EFF-A307-B9DF07BCA1AD}.PackageDevFx|Any CPU.ActiveCfg = Release|Any CPU
		{8CD6C8F7-E833-4EFF-A307-B9DF07BCA1AD}.PackageDevFx|Any CPU.Build.0 = Release|Any CPU
		{8CD6C8F7-E833-4EFF-A307-B9DF07BCA1AD}.PackageDevFx|Mixed Platforms.ActiveCfg = Release|Any CPU
		{8CD6C8F7-E833-4EFF-A307-B9DF07BCA1AD}.PackageDevFx|Mixed Platforms.Build.0 = Release|Any CPU
		{8CD6C8F7-E833-4EFF-A307-B9DF07BCA1AD}.PackageDevFx|x86.ActiveCfg = Release|Any CPU
		{8CD6C8F7-E833-4EFF-A307-B9DF07BCA1AD}.PackageExtensions|Any CPU.ActiveCfg = Release|Any CPU
		{8CD6C8F7-E833-4EFF-A307-B9DF07BCA1AD}.PackageExtensions|Any CPU.Build.0 = Release|Any CPU
		{8CD6C8F7-E833-4EFF-A307-B9DF07BCA1AD}.PackageExtensions|Mixed Platforms.ActiveCfg = Release|Any CPU
		{8CD6C8F7-E833-4EFF-A307-B9DF07BCA1AD}.PackageExtensions|Mixed Platforms.Build.0 = Release|Any CPU
		{8CD6C8F7-E833-4EFF-A307-B9DF07BCA1AD}.PackageExtensions|x86.ActiveCfg = Release|Any CPU
		{8CD6C8F7-E833-4EFF-A307-B9DF07BCA1AD}.Release|Any CPU.ActiveCfg = Release|Any CPU
		{8CD6C8F7-E833-4EFF-A307-B9DF07BCA1AD}.Release|Any CPU.Build.0 = Release|Any CPU
		{8CD6C8F7-E833-4EFF-A307-B9DF07BCA1AD}.Release|Mixed Platforms.ActiveCfg = Release|Any CPU
		{8CD6C8F7-E833-4EFF-A307-B9DF07BCA1AD}.Release|Mixed Platforms.Build.0 = Release|Any CPU
		{8CD6C8F7-E833-4EFF-A307-B9DF07BCA1AD}.Release|x86.ActiveCfg = Release|Any CPU
		{AC07F8A1-58E0-40AD-9321-B8482D6BE123}.Debug|Any CPU.ActiveCfg = Debug|Any CPU
		{AC07F8A1-58E0-40AD-9321-B8482D6BE123}.Debug|Any CPU.Build.0 = Debug|Any CPU
		{AC07F8A1-58E0-40AD-9321-B8482D6BE123}.Debug|Mixed Platforms.ActiveCfg = Debug|Any CPU
		{AC07F8A1-58E0-40AD-9321-B8482D6BE123}.Debug|Mixed Platforms.Build.0 = Debug|Any CPU
		{AC07F8A1-58E0-40AD-9321-B8482D6BE123}.Debug|x86.ActiveCfg = Debug|Any CPU
		{AC07F8A1-58E0-40AD-9321-B8482D6BE123}.PackageBaseFx|Any CPU.ActiveCfg = Release|Any CPU
		{AC07F8A1-58E0-40AD-9321-B8482D6BE123}.PackageBaseFx|Any CPU.Build.0 = Release|Any CPU
		{AC07F8A1-58E0-40AD-9321-B8482D6BE123}.PackageBaseFx|Mixed Platforms.ActiveCfg = Release|Any CPU
		{AC07F8A1-58E0-40AD-9321-B8482D6BE123}.PackageBaseFx|Mixed Platforms.Build.0 = Release|Any CPU
		{AC07F8A1-58E0-40AD-9321-B8482D6BE123}.PackageBaseFx|x86.ActiveCfg = Release|Any CPU
		{AC07F8A1-58E0-40AD-9321-B8482D6BE123}.PackageData|Any CPU.ActiveCfg = Release|Any CPU
		{AC07F8A1-58E0-40AD-9321-B8482D6BE123}.PackageData|Any CPU.Build.0 = Release|Any CPU
		{AC07F8A1-58E0-40AD-9321-B8482D6BE123}.PackageData|Mixed Platforms.ActiveCfg = Release|Any CPU
		{AC07F8A1-58E0-40AD-9321-B8482D6BE123}.PackageData|Mixed Platforms.Build.0 = Release|Any CPU
		{AC07F8A1-58E0-40AD-9321-B8482D6BE123}.PackageData|x86.ActiveCfg = Release|Any CPU
		{AC07F8A1-58E0-40AD-9321-B8482D6BE123}.PackageDevFx|Any CPU.ActiveCfg = Release|Any CPU
		{AC07F8A1-58E0-40AD-9321-B8482D6BE123}.PackageDevFx|Any CPU.Build.0 = Release|Any CPU
		{AC07F8A1-58E0-40AD-9321-B8482D6BE123}.PackageDevFx|Mixed Platforms.ActiveCfg = Release|Any CPU
		{AC07F8A1-58E0-40AD-9321-B8482D6BE123}.PackageDevFx|Mixed Platforms.Build.0 = Release|Any CPU
		{AC07F8A1-58E0-40AD-9321-B8482D6BE123}.PackageDevFx|x86.ActiveCfg = Release|Any CPU
		{AC07F8A1-58E0-40AD-9321-B8482D6BE123}.PackageExtensions|Any CPU.ActiveCfg = Release|Any CPU
		{AC07F8A1-58E0-40AD-9321-B8482D6BE123}.PackageExtensions|Any CPU.Build.0 = Release|Any CPU
		{AC07F8A1-58E0-40AD-9321-B8482D6BE123}.PackageExtensions|Mixed Platforms.ActiveCfg = Release|Any CPU
		{AC07F8A1-58E0-40AD-9321-B8482D6BE123}.PackageExtensions|Mixed Platforms.Build.0 = Release|Any CPU
		{AC07F8A1-58E0-40AD-9321-B8482D6BE123}.PackageExtensions|x86.ActiveCfg = Release|Any CPU
		{AC07F8A1-58E0-40AD-9321-B8482D6BE123}.Release|Any CPU.ActiveCfg = Release|Any CPU
		{AC07F8A1-58E0-40AD-9321-B8482D6BE123}.Release|Any CPU.Build.0 = Release|Any CPU
		{AC07F8A1-58E0-40AD-9321-B8482D6BE123}.Release|Mixed Platforms.ActiveCfg = Release|Any CPU
		{AC07F8A1-58E0-40AD-9321-B8482D6BE123}.Release|Mixed Platforms.Build.0 = Release|Any CPU
		{AC07F8A1-58E0-40AD-9321-B8482D6BE123}.Release|x86.ActiveCfg = Release|Any CPU
		{DE9D2193-0834-4D5F-BA63-E7A3C8A21F01}.Debug|Any CPU.ActiveCfg = Debug|Any CPU
		{DE9D2193-0834-4D5F-BA63-E7A3C8A21F01}.Debug|Any CPU.Build.0 = Debug|Any CPU
		{DE9D2193-0834-4D5F-BA63-E7A3C8A21F01}.Debug|Mixed Platforms.ActiveCfg = Debug|Any CPU
		{DE9D2193-0834-4D5F-BA63-E7A3C8A21F01}.Debug|Mixed Platforms.Build.0 = Debug|Any CPU
		{DE9D2193-0834-4D5F-BA63-E7A3C8A21F01}.Debug|x86.ActiveCfg = Debug|Any CPU
		{DE9D2193-0834-4D5F-BA63-E7A3C8A21F01}.PackageBaseFx|Any CPU.ActiveCfg = Release|Any CPU
		{DE9D2193-0834-4D5F-BA63-E7A3C8A21F01}.PackageBaseFx|Any CPU.Build.0 = Release|Any CPU
		{DE9D2193-0834-4D5F-BA63-E7A3C8A21F01}.PackageBaseFx|Mixed Platforms.ActiveCfg = Release|Any CPU
		{DE9D2193-0834-4D5F-BA63-E7A3C8A21F01}.PackageBaseFx|Mixed Platforms.Build.0 = Release|Any CPU
		{DE9D2193-0834-4D5F-BA63-E7A3C8A21F01}.PackageBaseFx|x86.ActiveCfg = Release|Any CPU
		{DE9D2193-0834-4D5F-BA63-E7A3C8A21F01}.PackageData|Any CPU.ActiveCfg = Release|Any CPU
		{DE9D2193-0834-4D5F-BA63-E7A3C8A21F01}.PackageData|Any CPU.Build.0 = Release|Any CPU
		{DE9D2193-0834-4D5F-BA63-E7A3C8A21F01}.PackageData|Mixed Platforms.ActiveCfg = Release|Any CPU
		{DE9D2193-0834-4D5F-BA63-E7A3C8A21F01}.PackageData|Mixed Platforms.Build.0 = Release|Any CPU
		{DE9D2193-0834-4D5F-BA63-E7A3C8A21F01}.PackageData|x86.ActiveCfg = Release|Any CPU
		{DE9D2193-0834-4D5F-BA63-E7A3C8A21F01}.PackageDevFx|Any CPU.ActiveCfg = Release|Any CPU
		{DE9D2193-0834-4D5F-BA63-E7A3C8A21F01}.PackageDevFx|Any CPU.Build.0 = Release|Any CPU
		{DE9D2193-0834-4D5F-BA63-E7A3C8A21F01}.PackageDevFx|Mixed Platforms.ActiveCfg = Release|Any CPU
		{DE9D2193-0834-4D5F-BA63-E7A3C8A21F01}.PackageDevFx|Mixed Platforms.Build.0 = Release|Any CPU
		{DE9D2193-0834-4D5F-BA63-E7A3C8A21F01}.PackageDevFx|x86.ActiveCfg = Release|Any CPU
		{DE9D2193-0834-4D5F-BA63-E7A3C8A21F01}.PackageExtensions|Any CPU.ActiveCfg = Release|Any CPU
		{DE9D2193-0834-4D5F-BA63-E7A3C8A21F01}.PackageExtensions|Any CPU.Build.0 = Release|Any CPU
		{DE9D2193-0834-4D5F-BA63-E7A3C8A21F01}.PackageExtensions|Mixed Platforms.ActiveCfg = Release|Any CPU
		{DE9D2193-0834-4D5F-BA63-E7A3C8A21F01}.PackageExtensions|Mixed Platforms.Build.0 = Release|Any CPU
		{DE9D2193-0834-4D5F-BA63-E7A3C8A21F01}.PackageExtensions|x86.ActiveCfg = Release|Any CPU
		{DE9D2193-0834-4D5F-BA63-E7A3C8A21F01}.Release|Any CPU.ActiveCfg = Release|Any CPU
		{DE9D2193-0834-4D5F-BA63-E7A3C8A21F01}.Release|Any CPU.Build.0 = Release|Any CPU
		{DE9D2193-0834-4D5F-BA63-E7A3C8A21F01}.Release|Mixed Platforms.ActiveCfg = Release|Any CPU
		{DE9D2193-0834-4D5F-BA63-E7A3C8A21F01}.Release|Mixed Platforms.Build.0 = Release|Any CPU
		{DE9D2193-0834-4D5F-BA63-E7A3C8A21F01}.Release|x86.ActiveCfg = Release|Any CPU
	EndGlobalSection
	GlobalSection(SolutionProperties) = preSolution
		HideSolutionNode = FALSE
	EndGlobalSection
	GlobalSection(NestedProjects) = preSolution
		{FDD05AD9-8D5B-48F5-B4C5-AA6B25E438B5} = {1F13D926-52B1-435F-8174-ECA5FA3FDFE4}
		{253BF7FB-5F9B-4BE5-B593-62531E526163} = {1F13D926-52B1-435F-8174-ECA5FA3FDFE4}
		{167DC15B-5A8A-4870-AF61-A5117B45E9B9} = {1F13D926-52B1-435F-8174-ECA5FA3FDFE4}
		{6A61B532-9640-48B6-94C6-A6D372D7EC20} = {1F13D926-52B1-435F-8174-ECA5FA3FDFE4}
		{36CDC5DC-A1D0-416F-8BE4-EBE1E3B98E15} = {1F13D926-52B1-435F-8174-ECA5FA3FDFE4}
		{77E6A5EC-8FB4-41A8-9CB5-3FAD8E78B22E} = {1F13D926-52B1-435F-8174-ECA5FA3FDFE4}
		{AE816849-EBF1-4911-ADB0-50C48B149FC5} = {1F13D926-52B1-435F-8174-ECA5FA3FDFE4}
		{7757AE6C-C3E0-4DA1-8693-0F58F29820AD} = {1F13D926-52B1-435F-8174-ECA5FA3FDFE4}
		{CEB87651-EBE5-4036-BF10-D4781C1270C3} = {1F13D926-52B1-435F-8174-ECA5FA3FDFE4}
		{D69FADBE-5F86-43A8-94BA-D63C02F2728D} = {1F13D926-52B1-435F-8174-ECA5FA3FDFE4}
		{8AF393EB-3001-452D-BEBD-FAE3AA227BB1} = {1F13D926-52B1-435F-8174-ECA5FA3FDFE4}
		{F4D49688-425C-4BA3-AFFC-DE9B15BE9CB3} = {6BED93F9-D1C3-485E-A80D-D387AB419F0F}
		{4C04C01B-3A43-4184-B2AD-14C9A56D6CD3} = {253BF7FB-5F9B-4BE5-B593-62531E526163}
		{8CD6C8F7-E833-4EFF-A307-B9DF07BCA1AD} = {253BF7FB-5F9B-4BE5-B593-62531E526163}
		{AC07F8A1-58E0-40AD-9321-B8482D6BE123} = {167DC15B-5A8A-4870-AF61-A5117B45E9B9}
		{DE9D2193-0834-4D5F-BA63-E7A3C8A21F01} = {167DC15B-5A8A-4870-AF61-A5117B45E9B9}
	EndGlobalSection
	GlobalSection(TestCaseManagementSettings) = postSolution
		CategoryFile = DevFxSolution.vsmdi
	EndGlobalSection
EndGlobal
